{
    "name": "just-a-brick",
    "version": "0.0.1",
    "lockfileVersion": 1,
    "requires": true,
    "dependencies": {
        "brs-js": {
            "version": "1.2.6",
            "resolved": "https://registry.npmjs.org/brs-js/-/brs-js-1.2.6.tgz",
            "integrity": "sha512-sLlVEehyY3YM1uYLuXXsEk+qBbo7I+QzCvUM0OfhRx8Gt+K4Nq9r/yBGmtp31aALl44lpWDFFuLQTBb4OXokpw==",
            "requires": {
                "detect-node": "^2.0.4",
                "lodash": "^4.17.19",
                "pako": "^1.0.10",
                "punycode": "^2.1.1"
            }
        },
        "detect-node": {
            "version": "2.0.4",
            "resolved": "https://registry.npmjs.org/detect-node/-/detect-node-2.0.4.tgz",
            "integrity": "sha512-ZIzRpLJrOj7jjP2miAtgqIfmzbxa4ZOr5jJc601zklsfEx9oTzmmj2nVpIPRpNlRTIh8lc1kyViIY7BWSGNmKw=="
        },
        "lodash": {
            "version": "4.17.20",
            "resolved": "https://registry.npmjs.org/lodash/-/lodash-4.17.20.tgz",
            "integrity": "sha512-PlhdFcillOINfeV7Ni6oF1TAEayyZBoZ8bcshTHqOYJYlrqzRK5hagpagky5o4HfCzzd1TRkXPMFq6cKk9rGmA=="
        },
        "pako": {
            "version": "1.0.11",
            "resolved": "https://registry.npmjs.org/pako/-/pako-1.0.11.tgz",
            "integrity": "sha512-4hLB8Py4zZce5s4yd9XzopqwVv/yGNhV1Bl8NTmCq1763HeK2+EwVTv+leGeL13Dnh2wfbqowVPXCIO0z4taYw=="
        },
        "punycode": {
            "version": "2.1.1",
            "resolved": "https://registry.npmjs.org/punycode/-/punycode-2.1.1.tgz",
            "integrity": "sha512-XRsRjdf+j5ml+y/6GKHPZbrF/8p2Yga0JPtdqTIY2Xe5ohJPD9saDJJLPvp9+NSBprVvevdXZybnj2cv8OEd0A=="
        }
    }
}
